# This file is automatically @generated by Cargo.
# It is not intended for manual editing.
version = 3

[[package]]
name = "always-assert"
version = "0.1.2"
source = "registry+https://github.com/rust-lang/crates.io-index"
checksum = "fbf688625d06217d5b1bb0ea9d9c44a1635fd0ee3534466388d18203174f4d11"
dependencies = [
 "log",
]

[[package]]
name = "anymap"
version = "0.12.1"
source = "registry+https://github.com/rust-lang/crates.io-index"
checksum = "33954243bd79057c2de7338850b85983a44588021f8a5fee574a8888c6de4344"

[[package]]
name = "arrayvec"
version = "0.7.2"
source = "registry+https://github.com/rust-lang/crates.io-index"
checksum = "8da52d66c7071e2e3fa2a1e5c6d088fec47b593032b254f5e980de8ea54454d6"

[[package]]
name = "autocfg"
version = "1.0.1"
source = "registry+https://github.com/rust-lang/crates.io-index"
checksum = "cdb031dd78e28731d87d56cc8ffef4a8f36ca26c38fe2de700543e627f8a464a"

[[package]]
name = "bitflags"
version = "1.3.2"
source = "registry+https://github.com/rust-lang/crates.io-index"
checksum = "bef38d45163c2f1dde094a7dfd33ccf595c92905c8f8f4fdc18d06fb1037718a"

[[package]]
name = "bumpalo"
version = "3.8.0"
source = "registry+https://github.com/rust-lang/crates.io-index"
checksum = "8f1e260c3a9040a7c19a12468758f4c16f31a81a1fe087482be9570ec864bb6c"

[[package]]
name = "cc"
version = "1.0.72"
source = "registry+https://github.com/rust-lang/crates.io-index"
checksum = "22a9137b95ea06864e018375b72adfb7db6e6f68cfc8df5a04d00288050485ee"

[[package]]
name = "cfg-if"
version = "1.0.0"
source = "registry+https://github.com/rust-lang/crates.io-index"
checksum = "baf1de4339761588bc0619e3cbc0120ee582ebb74b53b4efbf79117bd2da40fd"

[[package]]
name = "chalk-derive"
version = "0.72.0"
source = "registry+https://github.com/rust-lang/crates.io-index"
checksum = "50947a8c71b9a6ee75d6c3b74eb320f58668f872a5ca1347a2b664989fbc8ac8"
dependencies = [
 "proc-macro2",
 "quote",
 "syn",
 "synstructure",
]

[[package]]
name = "chalk-ir"
version = "0.72.0"
source = "registry+https://github.com/rust-lang/crates.io-index"
checksum = "39fba0a2f05527fb93c5039803c1f1ffaff5d6cebdff936386e1a5cbe7646283"
dependencies = [
 "bitflags",
 "chalk-derive",
 "lazy_static",
]

[[package]]
name = "chalk-recursive"
version = "0.72.0"
source = "registry+https://github.com/rust-lang/crates.io-index"
checksum = "d01108bc48af1d40e69b3b7f6923323e904c32476d4974750c474c1f94343e5c"
dependencies = [
 "chalk-derive",
 "chalk-ir",
 "chalk-solve",
 "rustc-hash",
 "tracing",
]

[[package]]
name = "chalk-solve"
version = "0.72.0"
source = "registry+https://github.com/rust-lang/crates.io-index"
checksum = "ff759b94bbb114254ba01b7a7459f8fa78ae98801a814946ce7ed6d5973c8a06"
dependencies = [
 "chalk-derive",
 "chalk-ir",
 "ena",
 "itertools",
 "petgraph",
 "rustc-hash",
 "tracing",
]

[[package]]
name = "console_error_panic_hook"
version = "0.1.7"
source = "registry+https://github.com/rust-lang/crates.io-index"
checksum = "a06aeb73f470f66dcdbf7223caeebb85984942f22f1adb2a088cf9668146bbbc"
dependencies = [
 "cfg-if",
 "wasm-bindgen",
]

[[package]]
name = "countme"
version = "2.0.4"
source = "registry+https://github.com/rust-lang/crates.io-index"
checksum = "328b822bdcba4d4e402be8d9adb6eebf269f969f8eadef977a553ff3c4fbcb58"
dependencies = [
 "dashmap",
 "once_cell",
 "rustc-hash",
]

[[package]]
name = "cov-mark"
version = "2.0.0-pre.1"
source = "registry+https://github.com/rust-lang/crates.io-index"
checksum = "0d48d8f76bd9331f19fe2aaf3821a9f9fb32c3963e1e3d6ce82a8c09cef7444a"

[[package]]
name = "crossbeam-channel"
version = "0.5.1"
source = "registry+https://github.com/rust-lang/crates.io-index"
checksum = "06ed27e177f16d65f0f0c22a213e17c696ace5dd64b14258b52f9417ccb52db4"
dependencies = [
 "cfg-if",
 "crossbeam-utils",
]

[[package]]
name = "crossbeam-deque"
version = "0.8.1"
source = "registry+https://github.com/rust-lang/crates.io-index"
checksum = "6455c0ca19f0d2fbf751b908d5c55c1f5cbc65e03c4225427254b46890bdde1e"
dependencies = [
 "cfg-if",
 "crossbeam-epoch",
 "crossbeam-utils",
]

[[package]]
name = "crossbeam-epoch"
version = "0.9.5"
source = "registry+https://github.com/rust-lang/crates.io-index"
checksum = "4ec02e091aa634e2c3ada4a392989e7c3116673ef0ac5b72232439094d73b7fd"
dependencies = [
 "cfg-if",
 "crossbeam-utils",
 "lazy_static",
 "memoffset",
 "scopeguard",
]

[[package]]
name = "crossbeam-utils"
version = "0.8.5"
source = "registry+https://github.com/rust-lang/crates.io-index"
checksum = "d82cfc11ce7f2c3faef78d8a684447b40d503d9681acebed6cb728d45940c4db"
dependencies = [
 "cfg-if",
 "lazy_static",
]

[[package]]
name = "dashmap"
version = "4.0.2"
source = "registry+https://github.com/rust-lang/crates.io-index"
checksum = "e77a43b28d0668df09411cb0bc9a8c2adc40f9a048afe863e05fd43251e8e39c"
dependencies = [
 "cfg-if",
 "num_cpus",
]

[[package]]
name = "dissimilar"
version = "1.0.3"
source = "registry+https://github.com/rust-lang/crates.io-index"
checksum = "31ad93652f40969dead8d4bf897a41e9462095152eb21c56e5830537e41179dd"

[[package]]
name = "dot"
version = "0.1.4"
source = "registry+https://github.com/rust-lang/crates.io-index"
checksum = "a74b6c4d4a1cff5f454164363c16b72fa12463ca6b31f4b5f2035a65fa3d5906"

[[package]]
name = "drop_bomb"
version = "0.1.5"
source = "registry+https://github.com/rust-lang/crates.io-index"
checksum = "9bda8e21c04aca2ae33ffc2fd8c23134f3cac46db123ba97bd9d3f3b8a4a85e1"

[[package]]
name = "either"
version = "1.6.1"
source = "registry+https://github.com/rust-lang/crates.io-index"
checksum = "e78d4f1cc4ae33bbfc157ed5d5a5ef3bc29227303d595861deb238fcec4e9457"

[[package]]
name = "ena"
version = "0.14.0"
source = "registry+https://github.com/rust-lang/crates.io-index"
checksum = "d7402b94a93c24e742487327a7cd839dc9d36fec9de9fb25b09f2dae459f36c3"
dependencies = [
 "log",
]

[[package]]
name = "expect-test"
version = "1.2.0-pre.1"
source = "registry+https://github.com/rust-lang/crates.io-index"
checksum = "3a2f1664bc69648747878bfe3430ad9b58bc8d9b50b3b1df9f3c081345e33197"
dependencies = [
 "dissimilar",
 "once_cell",
]

[[package]]
name = "fixedbitset"
version = "0.2.0"
source = "registry+https://github.com/rust-lang/crates.io-index"
checksum = "37ab347416e802de484e4d03c7316c48f1ecb56574dfd4a46a80f173ce1de04d"

[[package]]
name = "fnv"
version = "1.0.7"
source = "registry+https://github.com/rust-lang/crates.io-index"
checksum = "3f9eec918d3f24069decb9af1554cad7c880e2da24a9afd88aca000531ab82c1"

[[package]]
name = "form_urlencoded"
version = "1.0.1"
source = "registry+https://github.com/rust-lang/crates.io-index"
checksum = "5fc25a87fa4fd2094bffb06925852034d90a17f0d1e05197d4956d3555752191"
dependencies = [
 "matches",
 "percent-encoding",
]

[[package]]
name = "fst"
version = "0.4.7"
source = "registry+https://github.com/rust-lang/crates.io-index"
checksum = "7ab85b9b05e3978cc9a9cf8fea7f01b494e1a09ed3037e16ba39edc7a29eb61a"

[[package]]
name = "hashbrown"
version = "0.11.2"
source = "registry+https://github.com/rust-lang/crates.io-index"
checksum = "ab5ef0d4909ef3724cc8cce6ccc8572c5c817592e9285f5464f8e86f8bd3726e"

[[package]]
name = "heck"
version = "0.3.3"
source = "registry+https://github.com/rust-lang/crates.io-index"
checksum = "6d621efb26863f0e9924c6ac577e8275e5e6b77455db64ffa6c65c904e9e132c"
dependencies = [
 "unicode-segmentation",
]

[[package]]
name = "hermit-abi"
version = "0.1.19"
source = "registry+https://github.com/rust-lang/crates.io-index"
checksum = "62b467343b94ba476dcb2500d242dadbb39557df889310ac77c5d99100aaac33"
dependencies = [
 "libc",
]

[[package]]
name = "idna"
version = "0.2.3"
source = "registry+https://github.com/rust-lang/crates.io-index"
checksum = "418a0a6fab821475f634efe3ccc45c013f742efe03d853e8d3355d5cb850ecf8"
dependencies = [
 "matches",
 "unicode-bidi",
 "unicode-normalization",
]

[[package]]
name = "indexmap"
version = "1.7.0"
source = "registry+https://github.com/rust-lang/crates.io-index"
checksum = "bc633605454125dec4b66843673f01c7df2b89479b32e0ed634e43a91cff62a5"
dependencies = [
 "autocfg",
 "hashbrown",
]

[[package]]
name = "instant"
version = "0.1.12"
source = "registry+https://github.com/rust-lang/crates.io-index"
checksum = "7a5bbe824c507c5da5956355e86a746d82e0e1464f65d862cc5e71da70e94b2c"
dependencies = [
 "cfg-if",
 "js-sys",
 "wasm-bindgen",
 "web-sys",
]

[[package]]
name = "itertools"
version = "0.10.1"
source = "registry+https://github.com/rust-lang/crates.io-index"
checksum = "69ddb889f9d0d08a67338271fa9b62996bc788c7796a5c18cf057420aaed5eaf"
dependencies = [
 "either",
]

[[package]]
name = "js-sys"
version = "0.3.55"
source = "registry+https://github.com/rust-lang/crates.io-index"
checksum = "7cc9ffccd38c451a86bf13657df244e9c3f37493cce8e5e21e940963777acc84"
dependencies = [
 "wasm-bindgen",
]

[[package]]
name = "lazy_static"
version = "1.4.0"
source = "registry+https://github.com/rust-lang/crates.io-index"
checksum = "e2abad23fbc42b3700f2f279844dc832adb2b2eb069b2df918f455c4e18cc646"

[[package]]
name = "libc"
version = "0.2.107"
source = "registry+https://github.com/rust-lang/crates.io-index"
checksum = "fbe5e23404da5b4f555ef85ebed98fb4083e55a00c317800bc2a50ede9f3d219"

[[package]]
name = "lock_api"
version = "0.4.5"
source = "registry+https://github.com/rust-lang/crates.io-index"
checksum = "712a4d093c9976e24e7dbca41db895dabcbac38eb5f4045393d17a95bdfb1109"
dependencies = [
 "scopeguard",
]

[[package]]
name = "log"
version = "0.4.14"
source = "registry+https://github.com/rust-lang/crates.io-index"
checksum = "51b9bbe6c47d51fc3e1a9b945965946b4c44142ab8792c50835a980d362c2710"
dependencies = [
 "cfg-if",
]

[[package]]
name = "matches"
version = "0.1.9"
source = "registry+https://github.com/rust-lang/crates.io-index"
checksum = "a3e378b66a060d48947b590737b30a1be76706c8dd7b8ba0f2fe3989c68a853f"

[[package]]
name = "memchr"
version = "2.4.1"
source = "registry+https://github.com/rust-lang/crates.io-index"
checksum = "308cc39be01b73d0d18f82a0e7b2a3df85245f84af96fdddc5d202d27e47b86a"

[[package]]
name = "memoffset"
version = "0.6.4"
source = "registry+https://github.com/rust-lang/crates.io-index"
checksum = "59accc507f1338036a0477ef61afdae33cde60840f4dfe481319ce3ad116ddf9"
dependencies = [
 "autocfg",
]

[[package]]
name = "miow"
version = "0.3.7"
source = "registry+https://github.com/rust-lang/crates.io-index"
checksum = "b9f1c5b025cda876f66ef43a113f91ebc9f4ccef34843000e0adf6ebbab84e21"
dependencies = [
 "winapi",
]

[[package]]
name = "num_cpus"
version = "1.13.0"
source = "registry+https://github.com/rust-lang/crates.io-index"
checksum = "05499f3756671c15885fee9034446956fff3f243d6077b91e5767df161f766b3"
dependencies = [
 "hermit-abi",
 "libc",
]

[[package]]
name = "once_cell"
version = "1.8.0"
source = "registry+https://github.com/rust-lang/crates.io-index"
checksum = "692fcb63b64b1758029e0a96ee63e049ce8c5948587f2f7208df04625e5f6b56"

[[package]]
name = "oorandom"
version = "11.1.3"
source = "registry+https://github.com/rust-lang/crates.io-index"
checksum = "0ab1bc2a289d34bd04a330323ac98a1b4bc82c9d9fcb1e66b63caa84da26b575"

[[package]]
name = "parking_lot"
version = "0.11.2"
source = "registry+https://github.com/rust-lang/crates.io-index"
checksum = "7d17b78036a60663b797adeaee46f5c9dfebb86948d1255007a1d6be0271ff99"
dependencies = [
 "instant",
 "lock_api",
 "parking_lot_core",
]

[[package]]
name = "parking_lot_core"
version = "0.8.5"
source = "registry+https://github.com/rust-lang/crates.io-index"
checksum = "d76e8e1493bcac0d2766c42737f34458f1c8c50c0d23bcb24ea953affb273216"
dependencies = [
 "cfg-if",
 "instant",
 "libc",
 "redox_syscall",
 "smallvec",
 "winapi",
]

[[package]]
name = "percent-encoding"
version = "2.1.0"
source = "registry+https://github.com/rust-lang/crates.io-index"
checksum = "d4fd5641d01c8f18a23da7b6fe29298ff4b55afcccdf78973b24cf3175fee32e"

[[package]]
name = "perf-event"
version = "0.4.7"
source = "registry+https://github.com/rust-lang/crates.io-index"
checksum = "5396562cd2eaa828445d6d34258ae21ee1eb9d40fe626ca7f51c8dccb4af9d66"
dependencies = [
 "libc",
 "perf-event-open-sys",
]

[[package]]
name = "perf-event-open-sys"
version = "1.0.1"
source = "registry+https://github.com/rust-lang/crates.io-index"
checksum = "ce9bedf5da2c234fdf2391ede2b90fabf585355f33100689bc364a3ea558561a"
dependencies = [
 "libc",
]

[[package]]
name = "petgraph"
version = "0.5.1"
source = "registry+https://github.com/rust-lang/crates.io-index"
checksum = "467d164a6de56270bd7c4d070df81d07beace25012d5103ced4e9ff08d6afdb7"
dependencies = [
 "fixedbitset",
 "indexmap",
]

[[package]]
name = "pin-project-lite"
version = "0.2.7"
source = "registry+https://github.com/rust-lang/crates.io-index"
checksum = "8d31d11c69a6b52a174b42bdc0c30e5e11670f90788b2c471c31c1d17d449443"

[[package]]
name = "proc-macro2"
version = "1.0.32"
source = "registry+https://github.com/rust-lang/crates.io-index"
checksum = "ba508cc11742c0dc5c1659771673afbab7a0efab23aa17e854cbab0837ed0b43"
dependencies = [
 "unicode-xid",
]

[[package]]
name = "psm"
version = "0.1.16"
source = "registry+https://github.com/rust-lang/crates.io-index"
checksum = "cd136ff4382c4753fc061cb9e4712ab2af263376b95bbd5bd8cd50c020b78e69"
dependencies = [
 "cc",
]

[[package]]
name = "pulldown-cmark"
version = "0.8.0"
source = "registry+https://github.com/rust-lang/crates.io-index"
checksum = "ffade02495f22453cd593159ea2f59827aae7f53fa8323f756799b670881dcf8"
dependencies = [
 "bitflags",
 "memchr",
 "unicase",
]

[[package]]
name = "pulldown-cmark-to-cmark"
version = "6.0.4"
source = "registry+https://github.com/rust-lang/crates.io-index"
checksum = "1f5925e2c68fb0c3c189cd0f6bbcf1e16402a070d4fcaf7600e239e8302dd0e8"
dependencies = [
 "pulldown-cmark",
]

[[package]]
name = "quote"
version = "1.0.10"
source = "registry+https://github.com/rust-lang/crates.io-index"
checksum = "38bc8cc6a5f2e3655e0899c1b848643b2562f853f114bfec7be120678e3ace05"
dependencies = [
 "proc-macro2",
]

[[package]]
name = "ra_ap_base_db"
version = "0.0.81"
source = "registry+https://github.com/rust-lang/crates.io-index"
checksum = "18acea3c638b9c88a7dc4f56cfe08a30d31df032081a29a88b68eb7ac122d03f"
dependencies = [
 "ra_ap_cfg",
 "ra_ap_profile",
 "ra_ap_stdx",
 "ra_ap_syntax",
 "ra_ap_test_utils",
 "ra_ap_tt",
 "ra_ap_vfs",
 "rustc-hash",
 "salsa",
]

[[package]]
name = "ra_ap_cfg"
version = "0.0.81"
source = "registry+https://github.com/rust-lang/crates.io-index"
checksum = "7208f76a95cd1d05c855ee992a83163ee343678c93536f42cc17e7bf9292e2ea"
dependencies = [
 "ra_ap_tt",
 "rustc-hash",
]

[[package]]
name = "ra_ap_hir"
version = "0.0.81"
source = "registry+https://github.com/rust-lang/crates.io-index"
checksum = "c86a6002f6f7978d5b07ef08a3ff791bdfb7c85bc78d5964d6d3cbefc2db4b89"
dependencies = [
 "arrayvec",
 "either",
 "itertools",
 "once_cell",
 "ra_ap_base_db",
 "ra_ap_cfg",
 "ra_ap_hir_def",
 "ra_ap_hir_expand",
 "ra_ap_hir_ty",
 "ra_ap_profile",
 "ra_ap_stdx",
 "ra_ap_syntax",
 "ra_ap_tt",
 "rustc-hash",
 "smallvec",
]

[[package]]
name = "ra_ap_hir_def"
version = "0.0.81"
source = "registry+https://github.com/rust-lang/crates.io-index"
checksum = "f456f8b415bc4037816814acadec1e1111db4f1109852ae4786144e537d47034"
dependencies = [
 "anymap",
 "cov-mark",
 "dashmap",
 "drop_bomb",
 "either",
 "fst",
 "indexmap",
 "itertools",
 "once_cell",
 "ra_ap_base_db",
 "ra_ap_cfg",
 "ra_ap_hir_expand",
 "ra_ap_la-arena",
 "ra_ap_limit",
 "ra_ap_mbe",
 "ra_ap_profile",
 "ra_ap_stdx",
 "ra_ap_syntax",
 "ra_ap_tt",
 "rustc-hash",
 "smallvec",
 "tracing",
]

[[package]]
name = "ra_ap_hir_expand"
version = "0.0.81"
source = "registry+https://github.com/rust-lang/crates.io-index"
checksum = "735a6c7463b4c258d7674fbbf29124e0db7072f58ae44f2ab80c341c98995ee6"
dependencies = [
 "cov-mark",
 "either",
 "itertools",
 "ra_ap_base_db",
 "ra_ap_cfg",
 "ra_ap_la-arena",
 "ra_ap_limit",
 "ra_ap_mbe",
 "ra_ap_profile",
 "ra_ap_syntax",
 "ra_ap_tt",
 "rustc-hash",
 "tracing",
]

[[package]]
name = "ra_ap_hir_ty"
version = "0.0.81"
source = "registry+https://github.com/rust-lang/crates.io-index"
checksum = "bfbbbc7d66730ab75e7c35f788b1dbbfbe5c5f6e1f360e7f23dbedc6763242b8"
dependencies = [
 "arrayvec",
 "chalk-ir",
 "chalk-recursive",
 "chalk-solve",
 "cov-mark",
 "ena",
 "itertools",
 "once_cell",
 "ra_ap_base_db",
 "ra_ap_hir_def",
 "ra_ap_hir_expand",
 "ra_ap_la-arena",
 "ra_ap_limit",
 "ra_ap_profile",
 "ra_ap_stdx",
 "ra_ap_syntax",
 "rustc-hash",
 "scoped-tls",
 "smallvec",
 "tracing",
]

[[package]]
name = "ra_ap_ide"
version = "0.0.81"
source = "registry+https://github.com/rust-lang/crates.io-index"
checksum = "6ea1e8dcc9cf52b5976b5ea2469618f3d68ba1231eca38e9e047a069435da5fe"
dependencies = [
 "cov-mark",
 "dot",
 "either",
 "indexmap",
 "itertools",
 "oorandom",
 "pulldown-cmark",
 "pulldown-cmark-to-cmark",
 "ra_ap_cfg",
 "ra_ap_hir",
 "ra_ap_ide_assists",
 "ra_ap_ide_completion",
 "ra_ap_ide_db",
 "ra_ap_ide_diagnostics",
 "ra_ap_ide_ssr",
 "ra_ap_profile",
 "ra_ap_stdx",
 "ra_ap_syntax",
 "ra_ap_text_edit",
 "rustc-hash",
 "tracing",
 "url",
]

[[package]]
name = "ra_ap_ide_assists"
version = "0.0.81"
source = "registry+https://github.com/rust-lang/crates.io-index"
checksum = "719cbe1ffd42b062676ee134cf3e75b7285763e0dfcd222eac30e25a364925d5"
dependencies = [
 "cov-mark",
 "either",
 "indexmap",
 "itertools",
 "ra_ap_hir",
 "ra_ap_ide_db",
 "ra_ap_profile",
 "ra_ap_stdx",
 "ra_ap_syntax",
 "ra_ap_text_edit",
 "rustc-hash",
]

[[package]]
name = "ra_ap_ide_completion"
version = "0.0.81"
source = "registry+https://github.com/rust-lang/crates.io-index"
checksum = "ed5f1a50d152f77b52fdd3872d1889ade0a27a7e154923035d5bdedc90662672"
dependencies = [
 "cov-mark",
 "either",
 "itertools",
 "once_cell",
 "ra_ap_base_db",
 "ra_ap_hir",
 "ra_ap_ide_db",
 "ra_ap_profile",
 "ra_ap_stdx",
 "ra_ap_syntax",
 "ra_ap_text_edit",
 "rustc-hash",
 "smallvec",
]

[[package]]
name = "ra_ap_ide_db"
version = "0.0.81"
source = "registry+https://github.com/rust-lang/crates.io-index"
checksum = "27d805022bb5689cc2622c0771fcb814222dd22e42186fe5b6dd2b8e75cfb82a"
dependencies = [
 "arrayvec",
 "cov-mark",
 "either",
 "fst",
 "itertools",
 "once_cell",
 "ra_ap_base_db",
 "ra_ap_hir",
 "ra_ap_limit",
 "ra_ap_profile",
 "ra_ap_stdx",
 "ra_ap_syntax",
 "ra_ap_text_edit",
 "rayon",
 "rustc-hash",
 "tracing",
]

[[package]]
name = "ra_ap_ide_diagnostics"
version = "0.0.81"
source = "registry+https://github.com/rust-lang/crates.io-index"
checksum = "be3f5b1cce595c8031efb3bd29c2a79a871fd99377c7bebaaf6d931648ea8ec4"
dependencies = [
 "cov-mark",
 "either",
 "itertools",
 "ra_ap_cfg",
 "ra_ap_hir",
 "ra_ap_ide_db",
 "ra_ap_profile",
 "ra_ap_stdx",
 "ra_ap_syntax",
 "ra_ap_text_edit",
 "rustc-hash",
]

[[package]]
name = "ra_ap_ide_ssr"
version = "0.0.81"
source = "registry+https://github.com/rust-lang/crates.io-index"
checksum = "8ec04446bf000541190b01d72a8e03df25007eafb92f7d647c3351e6f128170b"
dependencies = [
 "cov-mark",
 "itertools",
 "ra_ap_hir",
 "ra_ap_ide_db",
 "ra_ap_syntax",
 "ra_ap_text_edit",
 "rustc-hash",
]

[[package]]
name = "ra_ap_la-arena"
version = "0.0.81"
source = "registry+https://github.com/rust-lang/crates.io-index"
checksum = "e343e7dc18f9e2d7e888886363ec9b2791c05771a66b252f8b5e877cfd1f2508"

[[package]]
name = "ra_ap_limit"
version = "0.0.81"
source = "registry+https://github.com/rust-lang/crates.io-index"
checksum = "193a7846e5fd7f4a3b38b3301934f5b8b6b5dd1e377c78c3a18ae32b9bdd99bc"

[[package]]
name = "ra_ap_mbe"
version = "0.0.81"
source = "registry+https://github.com/rust-lang/crates.io-index"
checksum = "8b7eaec720d13883baf9322b7be43c8e653cf9687b108109c6bd9c551047548f"
dependencies = [
 "cov-mark",
 "expect-test",
 "ra_ap_parser",
 "ra_ap_stdx",
 "ra_ap_syntax",
 "ra_ap_tt",
 "rustc-hash",
 "smallvec",
 "tracing",
]

[[package]]
name = "ra_ap_parser"
version = "0.0.81"
source = "registry+https://github.com/rust-lang/crates.io-index"
checksum = "8a0195330c24945d4c11a08520f514b22b229a55fd9d8fb9c83ad6b7649a5c2c"
dependencies = [
 "drop_bomb",
]

[[package]]
name = "ra_ap_paths"
version = "0.0.81"
source = "registry+https://github.com/rust-lang/crates.io-index"
checksum = "a1456b50447fc8e24f2f9e17daa180e987abf3781ada8138af88838857f328a8"

[[package]]
name = "ra_ap_profile"
version = "0.0.81"
source = "registry+https://github.com/rust-lang/crates.io-index"
checksum = "7838c8c503cc0a0e96fdeecbf7b47126809909b78da1c9109a26406634812c24"
dependencies = [
 "cfg-if",
 "countme",
 "libc",
 "once_cell",
 "perf-event",
 "ra_ap_la-arena",
 "winapi",
]

[[package]]
name = "ra_ap_stdx"
version = "0.0.81"
source = "registry+https://github.com/rust-lang/crates.io-index"
checksum = "dd59660b2f03242bc708bd6dea8b85683c0d6133f18f7f5e0fc41ad5f4d9a875"
dependencies = [
 "always-assert",
 "libc",
 "miow",
 "winapi",
]

[[package]]
name = "ra_ap_syntax"
version = "0.0.81"
source = "registry+https://github.com/rust-lang/crates.io-index"
checksum = "6f0b1b7d968f7aae4c939a5347cde52048e3c5cb28c53022aec07f13476d5b2f"
dependencies = [
 "cov-mark",
 "indexmap",
 "itertools",
 "once_cell",
 "ra_ap_parser",
 "ra_ap_profile",
 "ra_ap_stdx",
 "ra_ap_text_edit",
 "rowan",
 "rustc-ap-rustc_lexer",
 "rustc-hash",
 "smol_str",
]

[[package]]
name = "ra_ap_test_utils"
version = "0.0.81"
source = "registry+https://github.com/rust-lang/crates.io-index"
checksum = "8654179a63d6db6d6c3fe058d79d7222fa113b565a412514a636a44e2f33b15f"
dependencies = [
 "dissimilar",
 "ra_ap_profile",
 "ra_ap_stdx",
 "rustc-hash",
 "text-size",
]

[[package]]
name = "ra_ap_text_edit"
version = "0.0.81"
source = "registry+https://github.com/rust-lang/crates.io-index"
checksum = "a7a205da1c3b42baf239198e491664de32199a9d7d51d7255e21afc6921ee484"
dependencies = [
 "text-size",
]

[[package]]
name = "ra_ap_tt"
version = "0.0.81"
source = "registry+https://github.com/rust-lang/crates.io-index"
checksum = "bddd128dd71f9069f3f80814cf6499012c8704a33bf8d592304a6ed03f4dc1d4"
dependencies = [
 "ra_ap_stdx",
 "smol_str",
]

[[package]]
name = "ra_ap_vfs"
version = "0.0.81"
source = "registry+https://github.com/rust-lang/crates.io-index"
checksum = "300c6e920e4c9289705d1d30859cd6ed1156a643f72f20c770e3e57890baa8f8"
dependencies = [
 "fst",
 "indexmap",
 "ra_ap_paths",
 "rustc-hash",
]

[[package]]
name = "rayon"
version = "1.5.1"
source = "registry+https://github.com/rust-lang/crates.io-index"
checksum = "c06aca804d41dbc8ba42dfd964f0d01334eceb64314b9ecf7c5fad5188a06d90"
dependencies = [
 "autocfg",
 "crossbeam-deque",
 "either",
 "rayon-core",
]

[[package]]
name = "rayon-core"
version = "1.9.1"
source = "registry+https://github.com/rust-lang/crates.io-index"
checksum = "d78120e2c850279833f1dd3582f730c4ab53ed95aeaaaa862a2a5c71b1656d8e"
dependencies = [
 "crossbeam-channel",
 "crossbeam-deque",
 "crossbeam-utils",
 "lazy_static",
 "num_cpus",
]

[[package]]
name = "redox_syscall"
version = "0.2.10"
source = "registry+https://github.com/rust-lang/crates.io-index"
checksum = "8383f39639269cde97d255a32bdb68c047337295414940c68bdd30c2e13203ff"
dependencies = [
 "bitflags",
]

[[package]]
name = "rowan"
version = "0.14.1"
source = "registry+https://github.com/rust-lang/crates.io-index"
checksum = "4f77412a3d1f26af0c0783c23b3555a301b1a49805cba7bf9a7827a9e9e285f0"
dependencies = [
 "countme",
 "hashbrown",
 "memoffset",
 "rustc-hash",
 "text-size",
]

[[package]]
name = "rustc-ap-rustc_lexer"
version = "725.0.0"
source = "registry+https://github.com/rust-lang/crates.io-index"
checksum = "f950742ef8a203aa7661aad3ab880438ddeb7f95d4b837c30d65db1a2c5df68e"
dependencies = [
 "unicode-xid",
]

[[package]]
name = "rustc-hash"
version = "1.1.0"
source = "registry+https://github.com/rust-lang/crates.io-index"
checksum = "08d43f7aa6b08d49f382cde6a7982047c3426db949b1424bc4b7ec9ae12c6ce2"

[[package]]
name = "salsa"
version = "0.17.0-pre.2"
source = "registry+https://github.com/rust-lang/crates.io-index"
checksum = "9b223dccb46c32753144d0b51290da7230bb4aedcd8379d6b4c9a474c18bf17a"
dependencies = [
 "crossbeam-utils",
 "indexmap",
 "lock_api",
 "log",
 "oorandom",
 "parking_lot",
 "rustc-hash",
 "salsa-macros",
 "smallvec",
]

[[package]]
name = "salsa-macros"
version = "0.17.0-pre.2"
source = "registry+https://github.com/rust-lang/crates.io-index"
checksum = "ac6c2e352df550bf019da7b16164ed2f7fa107c39653d1311d1bba42d1582ff7"
dependencies = [
 "heck",
 "proc-macro2",
 "quote",
 "syn",
]

[[package]]
name = "scoped-tls"
version = "1.0.0"
source = "registry+https://github.com/rust-lang/crates.io-index"
checksum = "ea6a9290e3c9cf0f18145ef7ffa62d68ee0bf5fcd651017e586dc7fd5da448c2"

[[package]]
name = "scopeguard"
version = "1.1.0"
source = "registry+https://github.com/rust-lang/crates.io-index"
checksum = "d29ab0c6d3fc0ee92fe66e2d99f700eab17a8d57d1c1d3b748380fb20baa78cd"

[[package]]
name = "serde"
version = "1.0.130"
source = "registry+https://github.com/rust-lang/crates.io-index"
checksum = "f12d06de37cf59146fbdecab66aa99f9fe4f78722e3607577a5375d66bd0c913"
dependencies = [
 "serde_derive",
]

[[package]]
name = "serde-wasm-bindgen"
version = "0.1.3"
source = "registry+https://github.com/rust-lang/crates.io-index"
checksum = "7ee6f12f7ed0e7ad2e55200da37dbabc2cadeb942355c5b629aa3771f5ac5636"
dependencies = [
 "fnv",
 "js-sys",
 "serde",
 "wasm-bindgen",
]

[[package]]
name = "serde_derive"
version = "1.0.130"
source = "registry+https://github.com/rust-lang/crates.io-index"
checksum = "d7bc1a1ab1961464eae040d96713baa5a724a8152c1222492465b54322ec508b"
dependencies = [
 "proc-macro2",
 "quote",
 "syn",
]

[[package]]
name = "serde_repr"
version = "0.1.7"
source = "registry+https://github.com/rust-lang/crates.io-index"
checksum = "98d0516900518c29efa217c298fa1f4e6c6ffc85ae29fd7f4ee48f176e1a9ed5"
dependencies = [
 "proc-macro2",
 "quote",
 "syn",
]

[[package]]
name = "smallvec"
version = "1.7.0"
source = "registry+https://github.com/rust-lang/crates.io-index"
checksum = "1ecab6c735a6bb4139c0caafd0cc3635748bbb3acf4550e8138122099251f309"

[[package]]
name = "smol_str"
version = "0.1.21"
source = "registry+https://github.com/rust-lang/crates.io-index"
checksum = "61d15c83e300cce35b7c8cd39ff567c1ef42dde6d4a1a38dbdbf9a59902261bd"
dependencies = [
 "serde",
]

[[package]]
name = "spmc"
version = "0.3.0"
source = "registry+https://github.com/rust-lang/crates.io-index"
checksum = "02a8428da277a8e3a15271d79943e80ccc2ef254e78813a166a08d65e4c3ece5"

[[package]]
name = "stacker"
version = "0.1.14"
source = "registry+https://github.com/rust-lang/crates.io-index"
checksum = "90939d5171a4420b3ff5fbc8954d641e7377335454c259dcb80786f3f21dc9b4"
dependencies = [
 "cc",
 "cfg-if",
 "libc",
 "psm",
 "winapi",
]

[[package]]
name = "syn"
version = "1.0.81"
source = "registry+https://github.com/rust-lang/crates.io-index"
checksum = "f2afee18b8beb5a596ecb4a2dce128c719b4ba399d34126b9e4396e3f9860966"
dependencies = [
 "proc-macro2",
 "quote",
 "unicode-xid",
]

[[package]]
name = "synstructure"
version = "0.12.6"
source = "registry+https://github.com/rust-lang/crates.io-index"
checksum = "f36bdaa60a83aca3921b5259d5400cbf5e90fc51931376a9bd4a0eb79aa7210f"
dependencies = [
 "proc-macro2",
 "quote",
 "syn",
 "unicode-xid",
]

[[package]]
name = "text-size"
version = "1.1.0"
source = "registry+https://github.com/rust-lang/crates.io-index"
checksum = "288cb548dbe72b652243ea797201f3d481a0609a967980fcc5b2315ea811560a"

[[package]]
name = "tinyvec"
version = "1.5.1"
source = "registry+https://github.com/rust-lang/crates.io-index"
checksum = "2c1c1d5a42b6245520c249549ec267180beaffcc0615401ac8e31853d4b6d8d2"
dependencies = [
 "tinyvec_macros",
]

[[package]]
name = "tinyvec_macros"
version = "0.1.0"
source = "registry+https://github.com/rust-lang/crates.io-index"
checksum = "cda74da7e1a664f795bb1f8a87ec406fb89a02522cf6e50620d016add6dbbf5c"

[[package]]
name = "tracing"
version = "0.1.29"
source = "registry+https://github.com/rust-lang/crates.io-index"
checksum = "375a639232caf30edfc78e8d89b2d4c375515393e7af7e16f01cd96917fb2105"
dependencies = [
 "cfg-if",
 "pin-project-lite",
 "tracing-attributes",
 "tracing-core",
]

[[package]]
name = "tracing-attributes"
version = "0.1.18"
source = "registry+https://github.com/rust-lang/crates.io-index"
checksum = "f4f480b8f81512e825f337ad51e94c1eb5d3bbdf2b363dcd01e2b19a9ffe3f8e"
dependencies = [
 "proc-macro2",
 "quote",
 "syn",
]

[[package]]
name = "tracing-core"
version = "0.1.21"
source = "registry+https://github.com/rust-lang/crates.io-index"
checksum = "1f4ed65637b8390770814083d20756f87bfa2c21bf2f110babdc5438351746e4"
dependencies = [
 "lazy_static",
]

[[package]]
name = "unicase"
version = "2.6.0"
source = "registry+https://github.com/rust-lang/crates.io-index"
checksum = "50f37be617794602aabbeee0be4f259dc1778fabe05e2d67ee8f79326d5cb4f6"
dependencies = [
 "version_check",
]

[[package]]
name = "unicode-bidi"
version = "0.3.7"
source = "registry+https://github.com/rust-lang/crates.io-index"
checksum = "1a01404663e3db436ed2746d9fefef640d868edae3cceb81c3b8d5732fda678f"

[[package]]
name = "unicode-normalization"
version = "0.1.19"
source = "registry+https://github.com/rust-lang/crates.io-index"
checksum = "d54590932941a9e9266f0832deed84ebe1bf2e4c9e4a3554d393d18f5e854bf9"
dependencies = [
 "tinyvec",
]

[[package]]
name = "unicode-segmentation"
version = "1.8.0"
source = "registry+https://github.com/rust-lang/crates.io-index"
checksum = "8895849a949e7845e06bd6dc1aa51731a103c42707010a5b591c0038fb73385b"

[[package]]
name = "unicode-xid"
version = "0.2.2"
source = "registry+https://github.com/rust-lang/crates.io-index"
checksum = "8ccb82d61f80a663efe1f787a51b16b5a51e3314d6ac365b08639f52387b33f3"

[[package]]
name = "url"
version = "2.2.2"
source = "registry+https://github.com/rust-lang/crates.io-index"
checksum = "a507c383b2d33b5fc35d1861e77e6b383d158b2da5e14fe51b83dfedf6fd578c"
dependencies = [
 "form_urlencoded",
 "idna",
 "matches",
 "percent-encoding",
]

[[package]]
name = "version_check"
version = "0.9.3"
source = "registry+https://github.com/rust-lang/crates.io-index"
checksum = "5fecdca9a5291cc2b8dcf7dc02453fee791a280f3743cb0905f8822ae463b3fe"

[[package]]
name = "wasm-bindgen"
version = "0.2.78"
source = "registry+https://github.com/rust-lang/crates.io-index"
checksum = "632f73e236b219150ea279196e54e610f5dbafa5d61786303d4da54f84e47fce"
dependencies = [
 "cfg-if",
 "wasm-bindgen-macro",
]

[[package]]
name = "wasm-bindgen-backend"
version = "0.2.78"
source = "registry+https://github.com/rust-lang/crates.io-index"
checksum = "a317bf8f9fba2476b4b2c85ef4c4af8ff39c3c7f0cdfeed4f82c34a880aa837b"
dependencies = [
 "bumpalo",
 "lazy_static",
 "log",
 "proc-macro2",
 "quote",
 "syn",
 "wasm-bindgen-shared",
]

[[package]]
name = "wasm-bindgen-macro"
version = "0.2.78"
source = "registry+https://github.com/rust-lang/crates.io-index"
checksum = "d56146e7c495528bf6587663bea13a8eb588d39b36b679d83972e1a2dbbdacf9"
dependencies = [
 "quote",
 "wasm-bindgen-macro-support",
]

[[package]]
name = "wasm-bindgen-macro-support"
version = "0.2.78"
source = "registry+https://github.com/rust-lang/crates.io-index"
checksum = "7803e0eea25835f8abdc585cd3021b3deb11543c6fe226dcd30b228857c5c5ab"
dependencies = [
 "proc-macro2",
 "quote",
 "syn",
 "wasm-bindgen-backend",
 "wasm-bindgen-shared",
]

[[package]]
name = "wasm-bindgen-rayon"
version = "1.0.3"
source = "registry+https://github.com/rust-lang/crates.io-index"
checksum = "df87c67450805c305d3ae44a3ac537b0253d029153c25afc3ecd2edc36ccafb1"
dependencies = [
 "js-sys",
 "rayon",
 "spmc",
 "wasm-bindgen",
]

[[package]]
name = "wasm-bindgen-shared"
version = "0.2.78"
source = "registry+https://github.com/rust-lang/crates.io-index"
checksum = "0237232789cf037d5480773fe568aac745bfe2afbc11a863e97901780a6b47cc"

[[package]]
name = "wasm_demo"
version = "0.1.0"
dependencies = [
 "console_error_panic_hook",
 "instant",
 "log",
 "ra_ap_cfg",
 "ra_ap_ide",
 "ra_ap_ide_db",
 "serde",
 "serde-wasm-bindgen",
 "serde_repr",
 "stacker",
 "wasm-bindgen",
 "wasm-bindgen-rayon",
]

[[package]]
name = "web-sys"
version = "0.3.55"
source = "registry+https://github.com/rust-lang/crates.io-index"
checksum = "38eb105f1c59d9eaa6b5cdc92b859d85b926e82cb2e0945cd0c9259faa6fe9fb"
dependencies = [
 "js-sys",
 "wasm-bindgen",
]

[[package]]
name = "winapi"
version = "0.3.9"
source = "registry+https://github.com/rust-lang/crates.io-index"
checksum = "5c839a674fcd7a98952e593242ea400abe93992746761e38641405d28b00f419"
dependencies = [
 "winapi-i686-pc-windows-gnu",
 "winapi-x86_64-pc-windows-gnu",
]

[[package]]
name = "winapi-i686-pc-windows-gnu"
version = "0.4.0"
source = "registry+https://github.com/rust-lang/crates.io-index"
checksum = "ac3b87c63620426dd9b991e5ce0329eff545bccbbb34f3be09ff6fb6ab51b7b6"

[[package]]
name = "winapi-x86_64-pc-windows-gnu"
version = "0.4.0"
source = "registry+https://github.com/rust-lang/crates.io-index"
checksum = "712e227841d057c1ee1cd2fb22fa7e5a5461ae8e48fa2ca79ec42cfc1931183f"
